<?xml version="1.0" encoding="utf-8"?>
<Project ToolsVersion="4.0" xmlns="http://schemas.microsoft.com/developer/msbuild/2003">
  <ItemGroup>
    <Filter Include="ソース ファイル">
      <UniqueIdentifier>{4FC737F1-C7A5-4376-A066-2A32D752A2FF}</UniqueIdentifier>
      <Extensions>cpp;c;cc;cxx;c++;cppm;ixx;def;odl;idl;hpj;bat;asm;asmx</Extensions>
    </Filter>
    <Filter Include="ヘッダー ファイル">
      <UniqueIdentifier>{93995380-89BD-4b04-88EB-625FBE52EBFB}</UniqueIdentifier>
      <Extensions>h;hh;hpp;hxx;h++;hm;inl;inc;ipp;xsd</Extensions>
    </Filter>
    <Filter Include="リソース ファイル">
      <UniqueIdentifier>{67DA6AB6-F800-4c08-8B7A-83BB121AAD01}</UniqueIdentifier>
      <Extensions>rc;ico;cur;bmp;dlg;rc2;rct;bin;rgs;gif;jpg;jpeg;jpe;resx;tiff;tif;png;wav;mfcribbon-ms</Extensions>
    </Filter>
    <Filter Include="ソース ファイル\Bace">
      <UniqueIdentifier>{6d9354b7-fb1b-4714-90fa-8b7a10fb6f78}</UniqueIdentifier>
    </Filter>
    <Filter Include="ソース ファイル\Manager">
      <UniqueIdentifier>{b0dc62d1-82d3-4c2c-8fa4-ad7238b6cf48}</UniqueIdentifier>
    </Filter>
    <Filter Include="ソース ファイル\Math">
      <UniqueIdentifier>{928de574-abb8-4185-9686-c005fc28628e}</UniqueIdentifier>
    </Filter>
    <Filter Include="ソース ファイル\Resource">
      <UniqueIdentifier>{098d345c-b67d-4579-a164-2927b6b8a1f1}</UniqueIdentifier>
    </Filter>
    <Filter Include="ソース ファイル\Scene">
      <UniqueIdentifier>{bd164400-b825-4c21-852c-6b977eea6fd9}</UniqueIdentifier>
    </Filter>
    <Filter Include="ソース ファイル\Shader">
      <UniqueIdentifier>{925c08d6-504d-4aee-b3df-88098ff959eb}</UniqueIdentifier>
    </Filter>
    <Filter Include="ソース ファイル\System">
      <UniqueIdentifier>{1a566bbc-9726-4f44-a087-14761a9c2726}</UniqueIdentifier>
    </Filter>
    <Filter Include="ソース ファイル\System\Rendering">
      <UniqueIdentifier>{f3fe929b-c0a7-4bec-b6be-875a65f0b032}</UniqueIdentifier>
    </Filter>
    <Filter Include="ソース ファイル\System\Update">
      <UniqueIdentifier>{fd9b00e8-f21d-42e8-8fe6-d6eb0ff596aa}</UniqueIdentifier>
    </Filter>
    <Filter Include="ソース ファイル\System\Rendering\Enemy">
      <UniqueIdentifier>{7e93560f-2b1f-45a6-8b3f-f5efdb4c347c}</UniqueIdentifier>
    </Filter>
    <Filter Include="ソース ファイル\System\Rendering\Mesh">
      <UniqueIdentifier>{94aa64bd-d0f1-4c97-a080-e6b9dcefa449}</UniqueIdentifier>
    </Filter>
    <Filter Include="ソース ファイル\System\Rendering\Object">
      <UniqueIdentifier>{d146bb3f-df3a-47c7-84a3-a57602ee9709}</UniqueIdentifier>
    </Filter>
    <Filter Include="ソース ファイル\System\Rendering\Player">
      <UniqueIdentifier>{8a46d092-8df9-4901-883d-dbfb90f9a55a}</UniqueIdentifier>
    </Filter>
    <Filter Include="ソース ファイル\System\Rendering\Shader">
      <UniqueIdentifier>{07f967af-5bd8-4e90-9f10-bf4f48514089}</UniqueIdentifier>
    </Filter>
    <Filter Include="ソース ファイル\System\Update\Enemy">
      <UniqueIdentifier>{e2c86a35-6506-4d74-a2e0-d2b3c4e1235e}</UniqueIdentifier>
    </Filter>
    <Filter Include="ソース ファイル\System\Update\Mesh">
      <UniqueIdentifier>{459469da-e7f2-42a0-a247-6fb1890f3b4e}</UniqueIdentifier>
    </Filter>
    <Filter Include="ソース ファイル\System\Update\Object">
      <UniqueIdentifier>{927a3318-34e9-4033-8267-6b485ac8abf8}</UniqueIdentifier>
    </Filter>
    <Filter Include="ソース ファイル\System\Update\Player">
      <UniqueIdentifier>{32530042-a031-47d9-840f-1dae58307560}</UniqueIdentifier>
    </Filter>
    <Filter Include="ソース ファイル\System\Update\Shader">
      <UniqueIdentifier>{9c08407a-5064-41c8-b5f3-442976e0a18d}</UniqueIdentifier>
    </Filter>
    <Filter Include="ヘッダー ファイル\Bace">
      <UniqueIdentifier>{075a9966-8d80-441f-8483-de0c0c0570d4}</UniqueIdentifier>
    </Filter>
    <Filter Include="ヘッダー ファイル\Component">
      <UniqueIdentifier>{5acc2b92-8e6e-4d3d-be59-87d0b25044cd}</UniqueIdentifier>
    </Filter>
    <Filter Include="ヘッダー ファイル\Manager">
      <UniqueIdentifier>{5766ed22-c3ac-44c3-a6a3-25193e4dd887}</UniqueIdentifier>
    </Filter>
    <Filter Include="ヘッダー ファイル\Math">
      <UniqueIdentifier>{2be5f456-9a50-423c-97a2-9b8972615cd0}</UniqueIdentifier>
    </Filter>
    <Filter Include="ヘッダー ファイル\Resource">
      <UniqueIdentifier>{f5bc37e8-3d53-4883-a5ec-b1fc060e610b}</UniqueIdentifier>
    </Filter>
    <Filter Include="ヘッダー ファイル\Scene">
      <UniqueIdentifier>{0eb68951-1b3e-4b48-8272-36f41f373ac9}</UniqueIdentifier>
    </Filter>
    <Filter Include="ヘッダー ファイル\Shader">
      <UniqueIdentifier>{38531b55-7916-4071-9de4-e6c879bb9c71}</UniqueIdentifier>
    </Filter>
    <Filter Include="ヘッダー ファイル\System">
      <UniqueIdentifier>{bbc8fd1d-1d8a-4c18-b8f9-739accaf4cc0}</UniqueIdentifier>
    </Filter>
    <Filter Include="ヘッダー ファイル\Component\Enemy">
      <UniqueIdentifier>{1f3acce2-7ed9-4093-b77d-fee5023f842f}</UniqueIdentifier>
    </Filter>
    <Filter Include="ヘッダー ファイル\Component\Player">
      <UniqueIdentifier>{e029f9a7-a8bf-4993-b3fc-1665dca4d543}</UniqueIdentifier>
    </Filter>
    <Filter Include="ヘッダー ファイル\Component\Polygone">
      <UniqueIdentifier>{47af0e91-2de9-48c0-837d-a20ba66c5566}</UniqueIdentifier>
    </Filter>
    <Filter Include="ヘッダー ファイル\Component\Shader">
      <UniqueIdentifier>{dd0fb284-5b4f-4610-87e7-667a44aa8c5a}</UniqueIdentifier>
    </Filter>
    <Filter Include="ヘッダー ファイル\System\Update">
      <UniqueIdentifier>{e3fec426-b187-44b4-bf69-85498c5b6d9c}</UniqueIdentifier>
    </Filter>
    <Filter Include="ヘッダー ファイル\System\Rendering">
      <UniqueIdentifier>{a8f34289-a2ef-4c1e-b3e3-28d5a6543a4d}</UniqueIdentifier>
    </Filter>
    <Filter Include="ヘッダー ファイル\System\Update\Enemy">
      <UniqueIdentifier>{543a8125-2687-4d5b-9be3-4ceddc101321}</UniqueIdentifier>
    </Filter>
    <Filter Include="ヘッダー ファイル\System\Update\Mesh">
      <UniqueIdentifier>{7240b393-a3b4-474d-89a2-9e0412c97b2b}</UniqueIdentifier>
    </Filter>
    <Filter Include="ヘッダー ファイル\System\Update\Obj">
      <UniqueIdentifier>{474a5741-6462-4dd2-9f2c-e80d7c486cce}</UniqueIdentifier>
    </Filter>
    <Filter Include="ヘッダー ファイル\System\Update\Player">
      <UniqueIdentifier>{a15be36a-15fd-4435-a622-0790d4c854aa}</UniqueIdentifier>
    </Filter>
    <Filter Include="ヘッダー ファイル\System\Update\Shader">
      <UniqueIdentifier>{6f797a07-b59e-455c-b17d-9dcb485e4b8b}</UniqueIdentifier>
    </Filter>
    <Filter Include="ヘッダー ファイル\System\Rendering\Enemy">
      <UniqueIdentifier>{8e860c40-0dc7-4885-bc70-9d73da9da7e8}</UniqueIdentifier>
    </Filter>
    <Filter Include="ヘッダー ファイル\System\Rendering\Mesh">
      <UniqueIdentifier>{e621af62-f463-450d-978f-5ff784e9e463}</UniqueIdentifier>
    </Filter>
    <Filter Include="ヘッダー ファイル\System\Rendering\Obj">
      <UniqueIdentifier>{2e8565ea-862a-491b-958b-353b1e85b3da}</UniqueIdentifier>
    </Filter>
    <Filter Include="ヘッダー ファイル\System\Rendering\Player">
      <UniqueIdentifier>{180c441b-61c5-4fee-ae1b-e80f7fcf9a9c}</UniqueIdentifier>
    </Filter>
    <Filter Include="ヘッダー ファイル\System\Rendering\Shader">
      <UniqueIdentifier>{991b6c88-0f78-445d-9b15-444dd00c787d}</UniqueIdentifier>
    </Filter>
    <Filter Include="Shader">
      <UniqueIdentifier>{de39feab-17c7-4c00-a29b-c5c45962f4a9}</UniqueIdentifier>
    </Filter>
  </ItemGroup>
  <ItemGroup>
    <ClCompile Include="Src\cpp\Bace\camera.cpp">
      <Filter>ソース ファイル\Bace</Filter>
    </ClCompile>
    <ClCompile Include="Src\cpp\Bace\fade.cpp">
      <Filter>ソース ファイル\Bace</Filter>
    </ClCompile>
    <ClCompile Include="Src\cpp\Bace\input.cpp">
      <Filter>ソース ファイル\Bace</Filter>
    </ClCompile>
    <ClCompile Include="Src\cpp\Bace\light.cpp">
      <Filter>ソース ファイル\Bace</Filter>
    </ClCompile>
    <ClCompile Include="Src\cpp\Bace\line.cpp">
      <Filter>ソース ファイル\Bace</Filter>
    </ClCompile>
    <ClCompile Include="Src\cpp\Bace\main.cpp">
      <Filter>ソース ファイル\Bace</Filter>
    </ClCompile>
    <ClCompile Include="Src\cpp\Bace\manager.cpp">
      <Filter>ソース ファイル\Bace</Filter>
    </ClCompile>
    <ClCompile Include="Src\cpp\Bace\renderer.cpp">
      <Filter>ソース ファイル\Bace</Filter>
    </ClCompile>
    <ClCompile Include="Src\cpp\Bace\scene.cpp">
      <Filter>ソース ファイル\Bace</Filter>
    </ClCompile>
    <ClCompile Include="Src\cpp\Bace\Sound2D.cpp">
      <Filter>ソース ファイル\Bace</Filter>
    </ClCompile>
    <ClCompile Include="Src\cpp\Bace\Sound3D.cpp">
      <Filter>ソース ファイル\Bace</Filter>
    </ClCompile>
    <ClCompile Include="Src\cpp\Bace\SoundDevice.cpp">
      <Filter>ソース ファイル\Bace</Filter>
    </ClCompile>
    <ClCompile Include="Src\cpp\Bace\Template.cpp">
      <Filter>ソース ファイル\Bace</Filter>
    </ClCompile>
    <ClCompile Include="Src\cpp\Manager\mapmanager.cpp">
      <Filter>ソース ファイル\Manager</Filter>
    </ClCompile>
    <ClCompile Include="Src\cpp\Manager\modelmanager.cpp">
      <Filter>ソース ファイル\Manager</Filter>
    </ClCompile>
    <ClCompile Include="Src\cpp\Manager\SystemManager.cpp">
      <Filter>ソース ファイル\Manager</Filter>
    </ClCompile>
    <ClCompile Include="Src\cpp\Manager\texmanager.cpp">
      <Filter>ソース ファイル\Manager</Filter>
    </ClCompile>
    <ClCompile Include="Src\cpp\Math\MyMath.cpp">
      <Filter>ソース ファイル\Math</Filter>
    </ClCompile>
    <ClCompile Include="Src\cpp\System\Rendering\Enemy\RenderingEnemySightSystem.cpp">
      <Filter>ソース ファイル\System\Rendering\Enemy</Filter>
    </ClCompile>
    <ClCompile Include="Src\cpp\System\Rendering\Enemy\RenderingEnemySystem.cpp">
      <Filter>ソース ファイル\System\Rendering\Enemy</Filter>
    </ClCompile>
    <ClCompile Include="Src\cpp\System\Rendering\Mesh\RenderingMeshFieldSystem.cpp">
      <Filter>ソース ファイル\System\Rendering\Mesh</Filter>
    </ClCompile>
    <ClCompile Include="Src\cpp\System\Rendering\Mesh\RenderingMeshLaserSystem.cpp">
      <Filter>ソース ファイル\System\Rendering\Mesh</Filter>
    </ClCompile>
    <ClCompile Include="Src\cpp\System\Rendering\Shader\RenderingOutLineSystem.cpp">
      <Filter>ソース ファイル\System\Rendering\Shader</Filter>
    </ClCompile>
    <ClCompile Include="Src\cpp\System\Rendering\Shader\RenderingSkyBoxSystem.cpp">
      <Filter>ソース ファイル\System\Rendering\Shader</Filter>
    </ClCompile>
    <ClCompile Include="Src\cpp\System\Rendering\Shader\RenderingToShadowmapSystem.cpp">
      <Filter>ソース ファイル\System\Rendering\Shader</Filter>
    </ClCompile>
    <ClCompile Include="Src\cpp\System\Rendering\Shader\RenderingToShapeShadowSystem.cpp">
      <Filter>ソース ファイル\System\Rendering\Shader</Filter>
    </ClCompile>
    <ClCompile Include="Src\cpp\System\Rendering\Shader\RenderingUICircleSystem.cpp">
      <Filter>ソース ファイル\System\Rendering\Shader</Filter>
    </ClCompile>
    <ClCompile Include="Src\cpp\System\Rendering\Shader\RenderingVisibleSineCurveSystem.cpp">
      <Filter>ソース ファイル\System\Rendering\Shader</Filter>
    </ClCompile>
    <ClCompile Include="Src\cpp\System\Rendering\Player\RenderingGamePlayerSystem.cpp">
      <Filter>ソース ファイル\System\Rendering\Player</Filter>
    </ClCompile>
    <ClCompile Include="Src\cpp\System\Rendering\Player\RenderingTitlePlayerSystem.cpp">
      <Filter>ソース ファイル\System\Rendering\Player</Filter>
    </ClCompile>
    <ClCompile Include="Src\cpp\System\Rendering\Object\Rendering2DbaceSystem.cpp">
      <Filter>ソース ファイル\System\Rendering\Object</Filter>
    </ClCompile>
    <ClCompile Include="Src\cpp\System\Rendering\Object\Rendering3DBaceSystem.cpp">
      <Filter>ソース ファイル\System\Rendering\Object</Filter>
    </ClCompile>
    <ClCompile Include="Src\cpp\System\Rendering\Object\RenderingXSystem.cpp">
      <Filter>ソース ファイル\System\Rendering\Object</Filter>
    </ClCompile>
    <ClCompile Include="Src\cpp\System\Rendering\RenderingMapobjectSystem.cpp">
      <Filter>ソース ファイル\System\Rendering</Filter>
    </ClCompile>
    <ClCompile Include="Src\cpp\System\Rendering\RenderingPauseMenuSystem.cpp">
      <Filter>ソース ファイル\System\Rendering</Filter>
    </ClCompile>
    <ClCompile Include="Src\cpp\System\Update\Enemy\UpdateEnemyBackSystem.cpp">
      <Filter>ソース ファイル\System\Update\Enemy</Filter>
    </ClCompile>
    <ClCompile Include="Src\cpp\System\Update\Enemy\UpdateEnemyChaseSystem.cpp">
      <Filter>ソース ファイル\System\Update\Enemy</Filter>
    </ClCompile>
    <ClCompile Include="Src\cpp\System\Update\Enemy\UpdateEnemyPredictSystem.cpp">
      <Filter>ソース ファイル\System\Update\Enemy</Filter>
    </ClCompile>
    <ClCompile Include="Src\cpp\System\Update\Enemy\UpdateEnemySearchSystem.cpp">
      <Filter>ソース ファイル\System\Update\Enemy</Filter>
    </ClCompile>
    <ClCompile Include="Src\cpp\System\Update\Enemy\UpdateEnemySightSystem.cpp">
      <Filter>ソース ファイル\System\Update\Enemy</Filter>
    </ClCompile>
    <ClCompile Include="Src\cpp\System\Update\Enemy\UpdateEnemySystem.cpp">
      <Filter>ソース ファイル\System\Update\Enemy</Filter>
    </ClCompile>
    <ClCompile Include="Src\cpp\System\Update\Mesh\UpdateMeshFieldSystem.cpp">
      <Filter>ソース ファイル\System\Update\Mesh</Filter>
    </ClCompile>
    <ClCompile Include="Src\cpp\System\Update\Mesh\UpdateMeshLaserSystem.cpp">
      <Filter>ソース ファイル\System\Update\Mesh</Filter>
    </ClCompile>
    <ClCompile Include="Src\cpp\System\Update\Shader\UpdateUICircleSystem.cpp">
      <Filter>ソース ファイル\System\Update\Shader</Filter>
    </ClCompile>
    <ClCompile Include="Src\cpp\System\Update\Shader\UpdateVisibleSineCurveSystem.cpp">
      <Filter>ソース ファイル\System\Update\Shader</Filter>
    </ClCompile>
    <ClCompile Include="Src\cpp\System\Update\Player\UpdateGamePlayerSystem.cpp">
      <Filter>ソース ファイル\System\Update\Player</Filter>
    </ClCompile>
    <ClCompile Include="Src\cpp\System\Update\Player\UpdateTitlePlayerSystem.cpp">
      <Filter>ソース ファイル\System\Update\Player</Filter>
    </ClCompile>
    <ClCompile Include="Src\cpp\System\Update\Object\Update2DSystem.cpp">
      <Filter>ソース ファイル\System\Update\Object</Filter>
    </ClCompile>
    <ClCompile Include="Src\cpp\System\Update\Object\Update3DSystem.cpp">
      <Filter>ソース ファイル\System\Update\Object</Filter>
    </ClCompile>
    <ClCompile Include="Src\cpp\System\Update\Object\UpdateXSystem.cpp">
      <Filter>ソース ファイル\System\Update\Object</Filter>
    </ClCompile>
    <ClCompile Include="Src\cpp\System\Update\UpdateGateManagerSystem.cpp">
      <Filter>ソース ファイル\System\Update</Filter>
    </ClCompile>
    <ClCompile Include="Src\cpp\System\Update\UpdateItemSystem.cpp">
      <Filter>ソース ファイル\System\Update</Filter>
    </ClCompile>
    <ClCompile Include="Src\cpp\System\Update\UpdateMapobjectSystem.cpp">
      <Filter>ソース ファイル\System\Update</Filter>
    </ClCompile>
    <ClCompile Include="Src\cpp\System\Update\UpdateMtxSystem.cpp">
      <Filter>ソース ファイル\System\Update</Filter>
    </ClCompile>
    <ClCompile Include="Src\cpp\System\Update\UpdatePauseManagerSystem.cpp">
      <Filter>ソース ファイル\System\Update</Filter>
    </ClCompile>
    <ClCompile Include="Src\cpp\System\Update\UpdatePauseMenuSystem.cpp">
      <Filter>ソース ファイル\System\Update</Filter>
    </ClCompile>
    <ClCompile Include="Src\cpp\System\Update\UpdateRigidBodySystem.cpp">
      <Filter>ソース ファイル\System\Update</Filter>
    </ClCompile>
    <ClCompile Include="Src\cpp\System\Update\UpdateStutsAnimSystem.cpp">
      <Filter>ソース ファイル\System\Update</Filter>
    </ClCompile>
    <ClCompile Include="Src\cpp\System\Update\UpdateTimerSystem.cpp">
      <Filter>ソース ファイル\System\Update</Filter>
    </ClCompile>
    <ClCompile Include="Src\cpp\System\Update\UpdateTitleManagerSystem.cpp">
      <Filter>ソース ファイル\System\Update</Filter>
    </ClCompile>
    <ClCompile Include="Src\cpp\Shader\defaultcubemap.cpp">
      <Filter>ソース ファイル\Shader</Filter>
    </ClCompile>
    <ClCompile Include="Src\cpp\Shader\distortion.cpp">
      <Filter>ソース ファイル\Shader</Filter>
    </ClCompile>
    <ClCompile Include="Src\cpp\Shader\shader.cpp">
      <Filter>ソース ファイル\Shader</Filter>
    </ClCompile>
    <ClCompile Include="Src\cpp\Shader\shadowmap.cpp">
      <Filter>ソース ファイル\Shader</Filter>
    </ClCompile>
    <ClCompile Include="Src\cpp\Shader\shapeshadow.cpp">
      <Filter>ソース ファイル\Shader</Filter>
    </ClCompile>
    <ClCompile Include="Src\cpp\Shader\SimpleBloom.cpp">
      <Filter>ソース ファイル\Shader</Filter>
    </ClCompile>
    <ClCompile Include="Src\cpp\Shader\SkyBox.cpp">
      <Filter>ソース ファイル\Shader</Filter>
    </ClCompile>
    <ClCompile Include="Src\cpp\Shader\toon.cpp">
      <Filter>ソース ファイル\Shader</Filter>
    </ClCompile>
    <ClCompile Include="Src\cpp\Shader\UICircle.cpp">
      <Filter>ソース ファイル\Shader</Filter>
    </ClCompile>
    <ClCompile Include="Src\cpp\Shader\VisibleSineCurve.cpp">
      <Filter>ソース ファイル\Shader</Filter>
    </ClCompile>
    <ClCompile Include="Src\cpp\Scene\game.cpp">
      <Filter>ソース ファイル\Scene</Filter>
    </ClCompile>
    <ClCompile Include="Src\cpp\Scene\Result.cpp">
      <Filter>ソース ファイル\Scene</Filter>
    </ClCompile>
    <ClCompile Include="Src\cpp\Scene\title.cpp">
      <Filter>ソース ファイル\Scene</Filter>
    </ClCompile>
    <ClCompile Include="Src\cpp\Factories.cpp">
      <Filter>ソース ファイル</Filter>
    </ClCompile>
    <ClCompile Include="Src\cpp\GameCamera.cpp">
      <Filter>ソース ファイル</Filter>
    </ClCompile>
    <ClCompile Include="Src\cpp\ResultCameraSystem.cpp">
      <Filter>ソース ファイル</Filter>
    </ClCompile>
    <ClCompile Include="Src\cpp\SetUpLoader.cpp">
      <Filter>ソース ファイル</Filter>
    </ClCompile>
    <ClCompile Include="Src\cpp\ThreadPool.cpp">
      <Filter>ソース ファイル</Filter>
    </ClCompile>
    <ClCompile Include="Src\cpp\TitleCamera.cpp">
      <Filter>ソース ファイル</Filter>
    </ClCompile>
    <ClCompile Include="Src\cpp\Bace\object.cpp">
      <Filter>ソース ファイル\Bace</Filter>
    </ClCompile>
    <ClCompile Include="Src\cpp\Bace\pch.cpp">
      <Filter>ソース ファイル\Bace</Filter>
    </ClCompile>
  </ItemGroup>
  <ItemGroup>
    <ClInclude Include="Src\h\Bace\camera.h">
      <Filter>ヘッダー ファイル\Bace</Filter>
    </ClInclude>
    <ClInclude Include="Src\h\Bace\fade.h">
      <Filter>ヘッダー ファイル\Bace</Filter>
    </ClInclude>
    <ClInclude Include="Src\h\Bace\input.h">
      <Filter>ヘッダー ファイル\Bace</Filter>
    </ClInclude>
    <ClInclude Include="Src\h\Bace\light.h">
      <Filter>ヘッダー ファイル\Bace</Filter>
    </ClInclude>
    <ClInclude Include="Src\h\Bace\line.h">
      <Filter>ヘッダー ファイル\Bace</Filter>
    </ClInclude>
    <ClInclude Include="Src\h\Bace\main.h">
      <Filter>ヘッダー ファイル\Bace</Filter>
    </ClInclude>
    <ClInclude Include="Src\h\Bace\manager.h">
      <Filter>ヘッダー ファイル\Bace</Filter>
    </ClInclude>
    <ClInclude Include="Src\h\Bace\renderer.h">
      <Filter>ヘッダー ファイル\Bace</Filter>
    </ClInclude>
    <ClInclude Include="Src\h\Bace\Sound2D.h">
      <Filter>ヘッダー ファイル\Bace</Filter>
    </ClInclude>
    <ClInclude Include="Src\h\Bace\Sound3D.h">
      <Filter>ヘッダー ファイル\Bace</Filter>
    </ClInclude>
    <ClInclude Include="Src\h\Bace\SoundDevice.h">
      <Filter>ヘッダー ファイル\Bace</Filter>
    </ClInclude>
    <ClInclude Include="Src\h\Bace\Template.h">
      <Filter>ヘッダー ファイル\Bace</Filter>
    </ClInclude>
    <ClInclude Include="Src\h\Component\AIComponent.hpp">
      <Filter>ヘッダー ファイル\Component</Filter>
    </ClInclude>
    <ClInclude Include="Src\h\Component\AStarComponent.hpp">
      <Filter>ヘッダー ファイル\Component</Filter>
    </ClInclude>
    <ClInclude Include="Src\h\Component\CharactorComponent.hpp">
      <Filter>ヘッダー ファイル\Component</Filter>
    </ClInclude>
    <ClInclude Include="Src\h\Component\ChildComponent.hpp">
      <Filter>ヘッダー ファイル\Component</Filter>
    </ClInclude>
    <ClInclude Include="Src\h\Component\Components.hpp">
      <Filter>ヘッダー ファイル\Component</Filter>
    </ClInclude>
    <ClInclude Include="Src\h\Component\FanInfoComponent.hpp">
      <Filter>ヘッダー ファイル\Component</Filter>
    </ClInclude>
    <ClInclude Include="Src\h\Component\GateManagerComponent.hpp">
      <Filter>ヘッダー ファイル\Component</Filter>
    </ClInclude>
    <ClInclude Include="Src\h\Component\ItemComponent.h">
      <Filter>ヘッダー ファイル\Component</Filter>
    </ClInclude>
    <ClInclude Include="Src\h\Component\ItemManagerComponent.hpp">
      <Filter>ヘッダー ファイル\Component</Filter>
    </ClInclude>
    <ClInclude Include="Src\h\Component\LockOnUIAnimComponent.hpp">
      <Filter>ヘッダー ファイル\Component</Filter>
    </ClInclude>
    <ClInclude Include="Src\h\Component\ParentComponent.hpp">
      <Filter>ヘッダー ファイル\Component</Filter>
    </ClInclude>
    <ClInclude Include="Src\h\Component\PatrolAIComponent.hpp">
      <Filter>ヘッダー ファイル\Component</Filter>
    </ClInclude>
    <ClInclude Include="Src\h\Component\RayComponent.hpp">
      <Filter>ヘッダー ファイル\Component</Filter>
    </ClInclude>
    <ClInclude Include="Src\h\Component\RenderFragComponent.hpp">
      <Filter>ヘッダー ファイル\Component</Filter>
    </ClInclude>
    <ClInclude Include="Src\h\Component\SizeComponent.hpp">
      <Filter>ヘッダー ファイル\Component</Filter>
    </ClInclude>
    <ClInclude Include="Src\h\Component\StutsComponent.h">
      <Filter>ヘッダー ファイル\Component</Filter>
    </ClInclude>
    <ClInclude Include="Src\h\Component\TimerComponent.hpp">
      <Filter>ヘッダー ファイル\Component</Filter>
    </ClInclude>
    <ClInclude Include="Src\h\Component\TransformComponent.hpp">
      <Filter>ヘッダー ファイル\Component</Filter>
    </ClInclude>
    <ClInclude Include="Src\h\Component\VelocityComponent.hpp">
      <Filter>ヘッダー ファイル\Component</Filter>
    </ClInclude>
    <ClInclude Include="Src\h\Component\XRenderingComponent.hpp">
      <Filter>ヘッダー ファイル\Component</Filter>
    </ClInclude>
    <ClInclude Include="Src\h\Component\Enemy\EnemyAIAStarComponent.hpp">
      <Filter>ヘッダー ファイル\Component\Enemy</Filter>
    </ClInclude>
    <ClInclude Include="Src\h\Component\Enemy\EnemyManagerComponent.hpp">
      <Filter>ヘッダー ファイル\Component\Enemy</Filter>
    </ClInclude>
    <ClInclude Include="Src\h\Component\Enemy\EnemyPatrolPointComponent.hpp">
      <Filter>ヘッダー ファイル\Component\Enemy</Filter>
    </ClInclude>
    <ClInclude Include="Src\h\Component\Enemy\EnemySoundListenerComponent.hpp">
      <Filter>ヘッダー ファイル\Component\Enemy</Filter>
    </ClInclude>
    <ClInclude Include="Src\h\Component\Enemy\EnemyStateComponent.hpp">
      <Filter>ヘッダー ファイル\Component\Enemy</Filter>
    </ClInclude>
    <ClInclude Include="Src\h\Component\Shader\OutLineComponent.hpp">
      <Filter>ヘッダー ファイル\Component\Shader</Filter>
    </ClInclude>
    <ClInclude Include="Src\h\Component\Shader\Ripple3DComponent.hpp">
      <Filter>ヘッダー ファイル\Component\Shader</Filter>
    </ClInclude>
    <ClInclude Include="Src\h\Component\Shader\SkyBoxComponent.hpp">
      <Filter>ヘッダー ファイル\Component\Shader</Filter>
    </ClInclude>
    <ClInclude Include="Src\h\Component\Shader\UICircleComponent.hpp">
      <Filter>ヘッダー ファイル\Component\Shader</Filter>
    </ClInclude>
    <ClInclude Include="Src\h\Component\Polygone\ColorComponent.hpp">
      <Filter>ヘッダー ファイル\Component\Polygone</Filter>
    </ClInclude>
    <ClInclude Include="Src\h\Component\Polygone\DivisionComponent.hpp">
      <Filter>ヘッダー ファイル\Component\Polygone</Filter>
    </ClInclude>
    <ClInclude Include="Src\h\Component\Polygone\IndexBufferComponent.hpp">
      <Filter>ヘッダー ファイル\Component\Polygone</Filter>
    </ClInclude>
    <ClInclude Include="Src\h\Component\Polygone\LayerComponent.hpp">
      <Filter>ヘッダー ファイル\Component\Polygone</Filter>
    </ClInclude>
    <ClInclude Include="Src\h\Component\Polygone\Menu2DComponent.hpp">
      <Filter>ヘッダー ファイル\Component\Polygone</Filter>
    </ClInclude>
    <ClInclude Include="Src\h\Component\Polygone\MeshInfoComponent.hpp">
      <Filter>ヘッダー ファイル\Component\Polygone</Filter>
    </ClInclude>
    <ClInclude Include="Src\h\Component\Polygone\NormalComponent.hpp">
      <Filter>ヘッダー ファイル\Component\Polygone</Filter>
    </ClInclude>
    <ClInclude Include="Src\h\Component\Polygone\Select2DComponent.hpp">
      <Filter>ヘッダー ファイル\Component\Polygone</Filter>
    </ClInclude>
    <ClInclude Include="Src\h\Component\Polygone\TextureRenderingComponent.h">
      <Filter>ヘッダー ファイル\Component\Polygone</Filter>
    </ClInclude>
    <ClInclude Include="Src\h\Component\Polygone\UVComponent.hpp">
      <Filter>ヘッダー ファイル\Component\Polygone</Filter>
    </ClInclude>
    <ClInclude Include="Src\h\Component\Polygone\VertexRenderingComponent.hpp">
      <Filter>ヘッダー ファイル\Component\Polygone</Filter>
    </ClInclude>
    <ClInclude Include="Src\h\Component\Player\PlayerAnimetionComponent.hpp">
      <Filter>ヘッダー ファイル\Component\Player</Filter>
    </ClInclude>
    <ClInclude Include="Src\h\Component\Player\PlayerSoundVolumeComponent.hpp">
      <Filter>ヘッダー ファイル\Component\Player</Filter>
    </ClInclude>
    <ClInclude Include="Src\h\Component\Player\PlayerStateComponent.hpp">
      <Filter>ヘッダー ファイル\Component\Player</Filter>
    </ClInclude>
    <ClInclude Include="Src\h\Manager\mapmanager.h">
      <Filter>ヘッダー ファイル\Manager</Filter>
    </ClInclude>
    <ClInclude Include="Src\h\Manager\modelmanager.h">
      <Filter>ヘッダー ファイル\Manager</Filter>
    </ClInclude>
    <ClInclude Include="Src\h\Manager\SystemManager.h">
      <Filter>ヘッダー ファイル\Manager</Filter>
    </ClInclude>
    <ClInclude Include="Src\h\Manager\texmanager.h">
      <Filter>ヘッダー ファイル\Manager</Filter>
    </ClInclude>
    <ClInclude Include="Src\h\Math\MyMath.h">
      <Filter>ヘッダー ファイル\Math</Filter>
    </ClInclude>
    <ClInclude Include="Src\h\Math\MyMath_T.h">
      <Filter>ヘッダー ファイル\Math</Filter>
    </ClInclude>
    <ClInclude Include="Src\h\Scene\game.h">
      <Filter>ヘッダー ファイル\Scene</Filter>
    </ClInclude>
    <ClInclude Include="Src\h\Scene\Result.h">
      <Filter>ヘッダー ファイル\Scene</Filter>
    </ClInclude>
    <ClInclude Include="Src\h\Scene\scene.h">
      <Filter>ヘッダー ファイル\Scene</Filter>
    </ClInclude>
    <ClInclude Include="Src\h\Scene\title.h">
      <Filter>ヘッダー ファイル\Scene</Filter>
    </ClInclude>
    <ClInclude Include="Src\h\Shader\defaultcubemap.h">
      <Filter>ヘッダー ファイル\Shader</Filter>
    </ClInclude>
    <ClInclude Include="Src\h\Shader\distortion.h">
      <Filter>ヘッダー ファイル\Shader</Filter>
    </ClInclude>
    <ClInclude Include="Src\h\Shader\shader.h">
      <Filter>ヘッダー ファイル\Shader</Filter>
    </ClInclude>
    <ClInclude Include="Src\h\Shader\shadowmap.h">
      <Filter>ヘッダー ファイル\Shader</Filter>
    </ClInclude>
    <ClInclude Include="Src\h\Shader\shapeshadow.h">
      <Filter>ヘッダー ファイル\Shader</Filter>
    </ClInclude>
    <ClInclude Include="Src\h\Shader\SimpleBloom.h">
      <Filter>ヘッダー ファイル\Shader</Filter>
    </ClInclude>
    <ClInclude Include="Src\h\Shader\SkyBox.h">
      <Filter>ヘッダー ファイル\Shader</Filter>
    </ClInclude>
    <ClInclude Include="Src\h\Shader\toon.h">
      <Filter>ヘッダー ファイル\Shader</Filter>
    </ClInclude>
    <ClInclude Include="Src\h\Shader\UICircle.h">
      <Filter>ヘッダー ファイル\Shader</Filter>
    </ClInclude>
    <ClInclude Include="Src\h\Shader\VisibleSineCurve.h">
      <Filter>ヘッダー ファイル\Shader</Filter>
    </ClInclude>
    <ClInclude Include="Src\h\System\LayerManager.hpp">
      <Filter>ヘッダー ファイル\System</Filter>
    </ClInclude>
    <ClInclude Include="Src\h\System\Update\Enemy\UpdateEnemyBackSystem.h">
      <Filter>ヘッダー ファイル\System\Update\Enemy</Filter>
    </ClInclude>
    <ClInclude Include="Src\h\System\Update\Enemy\UpdateEnemyChaseSystem.h">
      <Filter>ヘッダー ファイル\System\Update\Enemy</Filter>
    </ClInclude>
    <ClInclude Include="Src\h\System\Update\Enemy\UpdateEnemyPredictSystem.h">
      <Filter>ヘッダー ファイル\System\Update\Enemy</Filter>
    </ClInclude>
    <ClInclude Include="Src\h\System\Update\Enemy\UpdateEnemySearchSystem.h">
      <Filter>ヘッダー ファイル\System\Update\Enemy</Filter>
    </ClInclude>
    <ClInclude Include="Src\h\System\Update\Enemy\UpdateEnemySightSystem.h">
      <Filter>ヘッダー ファイル\System\Update\Enemy</Filter>
    </ClInclude>
    <ClInclude Include="Src\h\System\Update\Enemy\UpdateEnemySystem.h">
      <Filter>ヘッダー ファイル\System\Update\Enemy</Filter>
    </ClInclude>
    <ClInclude Include="Src\h\System\Update\Mesh\UpdateMeshFieldSystem.h">
      <Filter>ヘッダー ファイル\System\Update\Mesh</Filter>
    </ClInclude>
    <ClInclude Include="Src\h\System\Update\Mesh\UpdateMeshLaserSystem.h">
      <Filter>ヘッダー ファイル\System\Update\Mesh</Filter>
    </ClInclude>
    <ClInclude Include="Src\h\System\Update\Shader\UpdateUICircleSystem.hpp">
      <Filter>ヘッダー ファイル\System\Update\Shader</Filter>
    </ClInclude>
    <ClInclude Include="Src\h\System\Update\Shader\UpdateVisibleSineCurveSystem.h">
      <Filter>ヘッダー ファイル\System\Update\Shader</Filter>
    </ClInclude>
    <ClInclude Include="Src\h\System\Update\Player\UpdateGamePlayerSystem.h">
      <Filter>ヘッダー ファイル\System\Update\Player</Filter>
    </ClInclude>
    <ClInclude Include="Src\h\System\Update\Player\UpdateTitlePlayerSystem.h">
      <Filter>ヘッダー ファイル\System\Update\Player</Filter>
    </ClInclude>
    <ClInclude Include="Src\h\System\Update\Obj\Update2DSystem.h">
      <Filter>ヘッダー ファイル\System\Update\Obj</Filter>
    </ClInclude>
    <ClInclude Include="Src\h\System\Update\Obj\Update3DSystem.h">
      <Filter>ヘッダー ファイル\System\Update\Obj</Filter>
    </ClInclude>
    <ClInclude Include="Src\h\System\Update\Obj\UpdateXSystem.h">
      <Filter>ヘッダー ファイル\System\Update\Obj</Filter>
    </ClInclude>
    <ClInclude Include="Src\h\System\Update\BaseUpdatesystem.hpp">
      <Filter>ヘッダー ファイル\System\Update</Filter>
    </ClInclude>
    <ClInclude Include="Src\h\System\Update\UpdateGateManagerSystem.h">
      <Filter>ヘッダー ファイル\System\Update</Filter>
    </ClInclude>
    <ClInclude Include="Src\h\System\Update\UpdateItemSystem.h">
      <Filter>ヘッダー ファイル\System\Update</Filter>
    </ClInclude>
    <ClInclude Include="Src\h\System\Update\UpdateMapobjectSystem.h">
      <Filter>ヘッダー ファイル\System\Update</Filter>
    </ClInclude>
    <ClInclude Include="Src\h\System\Update\UpdateMtxSystem.h">
      <Filter>ヘッダー ファイル\System\Update</Filter>
    </ClInclude>
    <ClInclude Include="Src\h\System\Update\UpdatePauseManagerSystem.h">
      <Filter>ヘッダー ファイル\System\Update</Filter>
    </ClInclude>
    <ClInclude Include="Src\h\System\Update\UpdatePauseMenuSystem.h">
      <Filter>ヘッダー ファイル\System\Update</Filter>
    </ClInclude>
    <ClInclude Include="Src\h\System\Update\UpdateRigidBodySystem.h">
      <Filter>ヘッダー ファイル\System\Update</Filter>
    </ClInclude>
    <ClInclude Include="Src\h\System\Update\UpdateStutsAnimSystem.h">
      <Filter>ヘッダー ファイル\System\Update</Filter>
    </ClInclude>
    <ClInclude Include="Src\h\System\Update\UpdateTimerSystem.h">
      <Filter>ヘッダー ファイル\System\Update</Filter>
    </ClInclude>
    <ClInclude Include="Src\h\System\Update\UpdateTitleManagerSystem.h">
      <Filter>ヘッダー ファイル\System\Update</Filter>
    </ClInclude>
    <ClInclude Include="Src\h\System\Rendering\BaseRenderingsystem.hpp">
      <Filter>ヘッダー ファイル\System\Rendering</Filter>
    </ClInclude>
    <ClInclude Include="Src\h\System\Rendering\RenderingMapobjectSystem.h">
      <Filter>ヘッダー ファイル\System\Rendering</Filter>
    </ClInclude>
    <ClInclude Include="Src\h\System\Rendering\RenderingPauseMenuSystem.h">
      <Filter>ヘッダー ファイル\System\Rendering</Filter>
    </ClInclude>
    <ClInclude Include="Src\h\System\Rendering\Enemy\RenderingEnemySightSystem.h">
      <Filter>ヘッダー ファイル\System\Rendering\Enemy</Filter>
    </ClInclude>
    <ClInclude Include="Src\h\System\Rendering\Enemy\RenderingEnemySystem.h">
      <Filter>ヘッダー ファイル\System\Rendering\Enemy</Filter>
    </ClInclude>
    <ClInclude Include="Src\h\System\Rendering\Mesh\RenderingMeshFieldSystem.h">
      <Filter>ヘッダー ファイル\System\Rendering\Mesh</Filter>
    </ClInclude>
    <ClInclude Include="Src\h\System\Rendering\Mesh\RenderingMeshLaserSystem.h">
      <Filter>ヘッダー ファイル\System\Rendering\Mesh</Filter>
    </ClInclude>
    <ClInclude Include="Src\h\System\Rendering\Shader\RenderingOutLineSystem.h">
      <Filter>ヘッダー ファイル\System\Rendering\Shader</Filter>
    </ClInclude>
    <ClInclude Include="Src\h\System\Rendering\Shader\RenderingSkyBoxSystem.h">
      <Filter>ヘッダー ファイル\System\Rendering\Shader</Filter>
    </ClInclude>
    <ClInclude Include="Src\h\System\Rendering\Shader\RenderingToShadowmapSystem.h">
      <Filter>ヘッダー ファイル\System\Rendering\Shader</Filter>
    </ClInclude>
    <ClInclude Include="Src\h\System\Rendering\Shader\RenderingToShapeShadowSystem.h">
      <Filter>ヘッダー ファイル\System\Rendering\Shader</Filter>
    </ClInclude>
    <ClInclude Include="Src\h\System\Rendering\Shader\RenderingUICircleSystem.h">
      <Filter>ヘッダー ファイル\System\Rendering\Shader</Filter>
    </ClInclude>
    <ClInclude Include="Src\h\System\Rendering\Shader\RenderingVisibleSineCurveSystem.h">
      <Filter>ヘッダー ファイル\System\Rendering\Shader</Filter>
    </ClInclude>
    <ClInclude Include="Src\h\System\Rendering\Player\RenderingGamePlayerSystem.h">
      <Filter>ヘッダー ファイル\System\Rendering\Player</Filter>
    </ClInclude>
    <ClInclude Include="Src\h\System\Rendering\Player\RenderingTitlePlayerSystem.h">
      <Filter>ヘッダー ファイル\System\Rendering\Player</Filter>
    </ClInclude>
    <ClInclude Include="Src\h\System\Rendering\Obj\Rendering2DBaseSystem.h">
      <Filter>ヘッダー ファイル\System\Rendering\Obj</Filter>
    </ClInclude>
    <ClInclude Include="Src\h\System\Rendering\Obj\Rendering3DBaseSystem.h">
      <Filter>ヘッダー ファイル\System\Rendering\Obj</Filter>
    </ClInclude>
    <ClInclude Include="Src\h\System\Rendering\Obj\RenderingXSystem.h">
      <Filter>ヘッダー ファイル\System\Rendering\Obj</Filter>
    </ClInclude>
    <ClInclude Include="Src\h\Bace\object.h">
      <Filter>ヘッダー ファイル\Bace</Filter>
    </ClInclude>
    <ClInclude Include="Src\h\Bace\pch.h">
      <Filter>ヘッダー ファイル\Bace</Filter>
    </ClInclude>
    <ClInclude Include="Src\h\Resource\resource.h">
      <Filter>ヘッダー ファイル\Resource</Filter>
    </ClInclude>
    <ClInclude Include="Src\h\Resource\ShaderResource.h">
      <Filter>ヘッダー ファイル\Resource</Filter>
    </ClInclude>
    <ClInclude Include="Src\h\ThreadPool.h">
      <Filter>ヘッダー ファイル</Filter>
    </ClInclude>
    <ClInclude Include="Src\h\Factories.h">
      <Filter>ヘッダー ファイル</Filter>
    </ClInclude>
    <ClInclude Include="Src\h\System\ResultCameraSystem.h">
      <Filter>ヘッダー ファイル</Filter>
    </ClInclude>
    <ClInclude Include="Src\h\System\GameCamera.h">
      <Filter>ヘッダー ファイル</Filter>
    </ClInclude>
    <ClInclude Include="Src\h\System\BaseCameraSystem.h">
      <Filter>ヘッダー ファイル</Filter>
    </ClInclude>
    <ClInclude Include="Src\h\TitleCamera.h">
      <Filter>ヘッダー ファイル</Filter>
    </ClInclude>
    <ClInclude Include="Src\h\SetUpLoader.h">
      <Filter>ヘッダー ファイル</Filter>
    </ClInclude>
  </ItemGroup>
  <ItemGroup>
    <ResourceCompile Include="Rc\Shader.rc">
      <Filter>リソース ファイル</Filter>
    </ResourceCompile>
  </ItemGroup>
  <ItemGroup>
    <FxCompile Include="data\SHADER\Default.hlsl">
      <Filter>Shader</Filter>
    </FxCompile>
    <FxCompile Include="data\SHADER\DefaultCubeMap.fx">
      <Filter>Shader</Filter>
    </FxCompile>
    <FxCompile Include="data\SHADER\Distortion.fx">
      <Filter>Shader</Filter>
    </FxCompile>
    <FxCompile Include="data\SHADER\ShadowMap.fx">
      <Filter>Shader</Filter>
    </FxCompile>
    <FxCompile Include="data\SHADER\ShapeShadow.fx">
      <Filter>Shader</Filter>
    </FxCompile>
    <FxCompile Include="data\SHADER\SimpleBloom.fx">
      <Filter>Shader</Filter>
    </FxCompile>
    <FxCompile Include="data\SHADER\Toon.fx">
      <Filter>Shader</Filter>
    </FxCompile>
    <FxCompile Include="data\SHADER\UICircle.fx">
      <Filter>Shader</Filter>
    </FxCompile>
    <FxCompile Include="data\SHADER\VisibleSineCurve.fx">
      <Filter>Shader</Filter>
    </FxCompile>
  </ItemGroup>
</Project>